
Microsoft Visual Studio Solution File, Format Version 12.00
# Visual Studio Version 17
VisualStudioVersion = 17.0.32112.339
MinimumVisualStudioVersion = 10.0.40219.1
Project("{FAE04EC0-301F-11D3-BF4B-00C04F79EFBC}") = "Es 07 - Trigger storico", "Es 07 - Trigger storico\Es 07 - Trigger storico.csproj", "{CFAECB1B-C13F-4AA9-B195-BB393E10EB8F}"
EndProject
Global
	GlobalSection(SolutionConfigurationPlatforms) = preSolution
		Debug|Any CPU = Debug|Any CPU
		Release|Any CPU = Release|Any CPU
	EndGlobalSection
	GlobalSection(ProjectConfigurationPlatforms) = postSolution
		{CFAECB1B-C13F-4AA9-B195-BB393E10EB8F}.Debug|Any CPU.ActiveCfg = Debug|Any CPU
		{CFAECB1B-C13F-4AA9-B195-BB393E10EB8F}.Debug|Any CPU.Build.0 = Debug|Any CPU
		{CFAECB1B-C13F-4AA9-B195-BB393E10EB8F}.Release|Any CPU.ActiveCfg = Release|Any CPU
		{CFAECB1B-C13F-4AA9-B195-BB393E10EB8F}.Release|Any CPU.Build.0 = Release|Any CPU
	EndGlobalSection
	GlobalSection(SolutionProperties) = preSolution
		HideSolutionNode = FALSE
	EndGlobalSection
	GlobalSection(ExtensibilityGlobals) = postSolution
		SolutionGuid = {915412E7-8A28-4EC9-9396-FAEBECD90E74}
	EndGlobalSection
EndGlobal
