
Microsoft Visual Studio Solution File, Format Version 12.00
# Visual Studio Version 17
VisualStudioVersion = 17.1.32319.34
MinimumVisualStudioVersion = 10.0.40219.1
Project("{FAE04EC0-301F-11D3-BF4B-00C04F79EFBC}") = "Maturità 2017", "Maturità 2017\Maturità 2017.csproj", "{BF0CB192-D830-46A4-84A9-202C6EFE6D7F}"
EndProject
Global
	GlobalSection(SolutionConfigurationPlatforms) = preSolution
		Debug|Any CPU = Debug|Any CPU
		Release|Any CPU = Release|Any CPU
	EndGlobalSection
	GlobalSection(ProjectConfigurationPlatforms) = postSolution
		{BF0CB192-D830-46A4-84A9-202C6EFE6D7F}.Debug|Any CPU.ActiveCfg = Debug|Any CPU
		{BF0CB192-D830-46A4-84A9-202C6EFE6D7F}.Debug|Any CPU.Build.0 = Debug|Any CPU
		{BF0CB192-D830-46A4-84A9-202C6EFE6D7F}.Release|Any CPU.ActiveCfg = Release|Any CPU
		{BF0CB192-D830-46A4-84A9-202C6EFE6D7F}.Release|Any CPU.Build.0 = Release|Any CPU
	EndGlobalSection
	GlobalSection(SolutionProperties) = preSolution
		HideSolutionNode = FALSE
	EndGlobalSection
	GlobalSection(ExtensibilityGlobals) = postSolution
		SolutionGuid = {9B2369D9-CCA2-470B-A5BD-E5A79750B7D1}
	EndGlobalSection
EndGlobal
